
Microsoft Visual Studio Solution File, Format Version 12.00
# Visual Studio 15
VisualStudioVersion = 15.0.28307.421
MinimumVisualStudioVersion = 10.0.40219.1
Project("{FAE04EC0-301F-11D3-BF4B-00C04F79EFBC}") = "EmployeeAPI", "EmployeeAPI\EmployeeAPI.csproj", "{2C11B1C7-C2A8-4D9B-9522-D43360924C3C}"
EndProject
Project("{FAE04EC0-301F-11D3-BF4B-00C04F79EFBC}") = "DataAccess", "Data\DataAccess.csproj", "{1CC986E8-DBF7-474C-B32E-B860752FDFAB}"
EndProject
Project("{FAE04EC0-301F-11D3-BF4B-00C04F79EFBC}") = "Models", "Models\Models.csproj", "{25FD3B55-7E70-45C9-84C4-726D345BA982}"
EndProject
Project("{FAE04EC0-301F-11D3-BF4B-00C04F79EFBC}") = "BusinessLogic", "BusinessLogic\BusinessLogic.csproj", "{8E020D91-AA5B-4917-BCED-85475487691B}"
EndProject
Project("{FAE04EC0-301F-11D3-BF4B-00C04F79EFBC}") = "Tests", "Tests\Tests.csproj", "{6F6159BB-A610-4BF6-99B5-684D73484E05}"
EndProject
Global
	GlobalSection(SolutionConfigurationPlatforms) = preSolution
		Debug|Any CPU = Debug|Any CPU
		Release|Any CPU = Release|Any CPU
	EndGlobalSection
	GlobalSection(ProjectConfigurationPlatforms) = postSolution
		{2C11B1C7-C2A8-4D9B-9522-D43360924C3C}.Debug|Any CPU.ActiveCfg = Debug|Any CPU
		{2C11B1C7-C2A8-4D9B-9522-D43360924C3C}.Debug|Any CPU.Build.0 = Debug|Any CPU
		{2C11B1C7-C2A8-4D9B-9522-D43360924C3C}.Release|Any CPU.ActiveCfg = Release|Any CPU
		{2C11B1C7-C2A8-4D9B-9522-D43360924C3C}.Release|Any CPU.Build.0 = Release|Any CPU
		{1CC986E8-DBF7-474C-B32E-B860752FDFAB}.Debug|Any CPU.ActiveCfg = Debug|Any CPU
		{1CC986E8-DBF7-474C-B32E-B860752FDFAB}.Debug|Any CPU.Build.0 = Debug|Any CPU
		{1CC986E8-DBF7-474C-B32E-B860752FDFAB}.Release|Any CPU.ActiveCfg = Release|Any CPU
		{1CC986E8-DBF7-474C-B32E-B860752FDFAB}.Release|Any CPU.Build.0 = Release|Any CPU
		{25FD3B55-7E70-45C9-84C4-726D345BA982}.Debug|Any CPU.ActiveCfg = Debug|Any CPU
		{25FD3B55-7E70-45C9-84C4-726D345BA982}.Debug|Any CPU.Build.0 = Debug|Any CPU
		{25FD3B55-7E70-45C9-84C4-726D345BA982}.Release|Any CPU.ActiveCfg = Release|Any CPU
		{25FD3B55-7E70-45C9-84C4-726D345BA982}.Release|Any CPU.Build.0 = Release|Any CPU
		{8E020D91-AA5B-4917-BCED-85475487691B}.Debug|Any CPU.ActiveCfg = Debug|Any CPU
		{8E020D91-AA5B-4917-BCED-85475487691B}.Debug|Any CPU.Build.0 = Debug|Any CPU
		{8E020D91-AA5B-4917-BCED-85475487691B}.Release|Any CPU.ActiveCfg = Release|Any CPU
		{8E020D91-AA5B-4917-BCED-85475487691B}.Release|Any CPU.Build.0 = Release|Any CPU
		{6F6159BB-A610-4BF6-99B5-684D73484E05}.Debug|Any CPU.ActiveCfg = Debug|Any CPU
		{6F6159BB-A610-4BF6-99B5-684D73484E05}.Debug|Any CPU.Build.0 = Debug|Any CPU
		{6F6159BB-A610-4BF6-99B5-684D73484E05}.Release|Any CPU.ActiveCfg = Release|Any CPU
		{6F6159BB-A610-4BF6-99B5-684D73484E05}.Release|Any CPU.Build.0 = Release|Any CPU
	EndGlobalSection
	GlobalSection(SolutionProperties) = preSolution
		HideSolutionNode = FALSE
	EndGlobalSection
	GlobalSection(ExtensibilityGlobals) = postSolution
		SolutionGuid = {A161132C-DE3E-49F6-8785-1E7D4AB89BA3}
	EndGlobalSection
EndGlobal
